
Microsoft Visual Studio Solution File, Format Version 12.00
# Visual Studio Version 16
VisualStudioVersion = 16.0.31410.357
MinimumVisualStudioVersion = 10.0.40219.1
Project("{FAE04EC0-301F-11D3-BF4B-00C04F79EFBC}") = "SortPay", "SortPay\SortPay.csproj", "{8B759FEE-2B10-4660-B98C-358D12F46580}"
EndProject
Global
	GlobalSection(SolutionConfigurationPlatforms) = preSolution
		Debug|Any CPU = Debug|Any CPU
		Release|Any CPU = Release|Any CPU
	EndGlobalSection
	GlobalSection(ProjectConfigurationPlatforms) = postSolution
		{8B759FEE-2B10-4660-B98C-358D12F46580}.Debug|Any CPU.ActiveCfg = Debug|Any CPU
		{8B759FEE-2B10-4660-B98C-358D12F46580}.Debug|Any CPU.Build.0 = Debug|Any CPU
		{8B759FEE-2B10-4660-B98C-358D12F46580}.Release|Any CPU.ActiveCfg = Release|Any CPU
		{8B759FEE-2B10-4660-B98C-358D12F46580}.Release|Any CPU.Build.0 = Release|Any CPU
	EndGlobalSection
	GlobalSection(SolutionProperties) = preSolution
		HideSolutionNode = FALSE
	EndGlobalSection
	GlobalSection(ExtensibilityGlobals) = postSolution
		SolutionGuid = {6229A334-8754-4EEE-A414-41D9C19B65CA}
	EndGlobalSection
EndGlobal
